{
  "name": "sheesha-tonight",
  "version": "1.0.0",
  "lockfileVersion": 3,
  "requires": true,
  "packages": {
    "": {
      "name": "sheesha-tonight",
      "version": "1.0.0",
      "private": true,
      "type": "module",
      "engines": {
        "node": ">=18.17.0",
        "npm": ">=9.0.0"
      },
      "devDependencies": {
        "@types/node": "^20.10.0",
        "prettier": "^3.1.0",
        "turbo": "^1.10.16",
        "typescript": "^5.3.3"
      }
    },
    "node_modules/@types/node": {
      "version": "20.10.0",
      "resolved": "https://registry.npmjs.org/@types/node/-/node-20.10.0.tgz",
      "integrity": "sha512-D0WfRmU9TQ8uvic+QAXAPlAfgVvWOo/IRBk/b8DxILcaez7fbCh9/FZSu4yYvkRnaPayC+3rmTuWsuC76ZHtQ==",
      "dev": true,
      "engines": {
        "node": ">=18.17.0"
      }
    },
    "node_modules/prettier": {
      "version": "3.1.0",
      "resolved": "https://registry.npmjs.org/prettier/-/prettier-3.1.0.tgz",
      "integrity": "sha512-TQLvXjWMcKYU5nYEjorda/Uc3ts2HkQpdeHksKcNLin2khervpyyKc6Z9bB3nYEUxztqdtUML/ignored",
      "dev": true,
      "bin": {
        "prettier": "bin-prettier.js"
      },
      "engines": {
        "node": ">=14"
      }
    },
    "node_modules/turbo": {
      "version": "1.10.16",
      "resolved": "https://registry.npmjs.org/turbo/-/turbo-1.10.16.tgz",
      "integrity": "sha512-6VpDXO0yMQfaBFKRVGwdO+dV/4DlGGM3EZKc6/AaHPfHaVFm6MxR8hKLUNiWUqzYrLXwV0wvGjH5d3cYWbvA==",
      "dev": true,
      "bin": {
        "turbo": "bin/turbo"
      },
      "engines": {
        "node": ">=16.8.0"
      }
    },
    "node_modules/typescript": {
      "version": "5.3.3",
      "resolved": "https://registry.npmjs.org/typescript/-/typescript-5.3.3.tgz",
      "integrity": "sha512-pMRY2UUkUjPMLnuTXz+kLMCVAnGQN2LNXr1iLyL5Q1yVx8dZkH3RlR3tNL3tXkIo5Z9s3TmL7OLM0PvqbmJDRQ==",
      "dev": true,
      "bin": {
        "tsc": "bin/tsc",
        "tsserver": "bin/tsserver"
      },
      "engines": {
        "node": ">=14.17"
      }
    }
  }
}
